
Microsoft Visual Studio Solution File, Format Version 12.00
Project("{FAE04EC0-301F-11D3-BF4B-00C04F79EFBC}") = "HashTest", "HashTest\HashTest.csproj", "{099ABE31-A8DD-4593-A0D4-91F7950B9155}"
EndProject
Global
	GlobalSection(SolutionConfigurationPlatforms) = preSolution
		Debug|Any CPU = Debug|Any CPU
		Release|Any CPU = Release|Any CPU
	EndGlobalSection
	GlobalSection(ProjectConfigurationPlatforms) = postSolution
		{099ABE31-A8DD-4593-A0D4-91F7950B9155}.Debug|Any CPU.ActiveCfg = Debug|Any CPU
		{099ABE31-A8DD-4593-A0D4-91F7950B9155}.Debug|Any CPU.Build.0 = Debug|Any CPU
		{099ABE31-A8DD-4593-A0D4-91F7950B9155}.Release|Any CPU.ActiveCfg = Release|Any CPU
		{099ABE31-A8DD-4593-A0D4-91F7950B9155}.Release|Any CPU.Build.0 = Release|Any CPU
	EndGlobalSection
EndGlobal
